
Microsoft Visual Studio Solution File, Format Version 12.00
# Visual Studio Version 16
VisualStudioVersion = 16.0.30717.126
MinimumVisualStudioVersion = 10.0.40219.1
Project("{FAE04EC0-301F-11D3-BF4B-00C04F79EFBC}") = "SAD", "SAD\SAD.csproj", "{8F127FCC-E6C2-4341-A201-00C31BE6D5D0}"
EndProject
Global
	GlobalSection(SolutionConfigurationPlatforms) = preSolution
		Debug|Any CPU = Debug|Any CPU
		Release|Any CPU = Release|Any CPU
	EndGlobalSection
	GlobalSection(ProjectConfigurationPlatforms) = postSolution
		{8F127FCC-E6C2-4341-A201-00C31BE6D5D0}.Debug|Any CPU.ActiveCfg = Debug|Any CPU
		{8F127FCC-E6C2-4341-A201-00C31BE6D5D0}.Debug|Any CPU.Build.0 = Debug|Any CPU
		{8F127FCC-E6C2-4341-A201-00C31BE6D5D0}.Release|Any CPU.ActiveCfg = Release|Any CPU
		{8F127FCC-E6C2-4341-A201-00C31BE6D5D0}.Release|Any CPU.Build.0 = Release|Any CPU
	EndGlobalSection
	GlobalSection(SolutionProperties) = preSolution
		HideSolutionNode = FALSE
	EndGlobalSection
	GlobalSection(ExtensibilityGlobals) = postSolution
		SolutionGuid = {2FD554E1-F358-459F-8CBB-D9C1E59DDE12}
	EndGlobalSection
EndGlobal
